
Microsoft Visual Studio Solution File, Format Version 12.00
# Visual Studio 15
VisualStudioVersion = 15.0.26730.16
MinimumVisualStudioVersion = 10.0.40219.1
Project("{9A19103F-16F7-4668-BE54-9A1E7A4F7556}") = "Roslyn.AutoLogging", "Roslyn.AutoLogging\Roslyn.AutoLogging.csproj", "{7C28EBAD-CBB5-48BA-ADD8-9F8311497649}"
EndProject
Project("{FAE04EC0-301F-11D3-BF4B-00C04F79EFBC}") = "Roslyn.AutoLogging.VSIX", "Roslyn.AutoLogging.VSIX\Roslyn.AutoLogging.VSIX.csproj", "{D7CA60CF-F9D8-4383-A34B-061F3D84FAC3}"
EndProject
Project("{9A19103F-16F7-4668-BE54-9A1E7A4F7556}") = "Roslyn.AutoLogging.Test", "Roslyn.AutoLogging.Test\Roslyn.AutoLogging.Test.csproj", "{3A258A98-8F54-46CC-B9E6-66285B287D24}"
EndProject
Project("{FAE04EC0-301F-11D3-BF4B-00C04F79EFBC}") = "Roslyn.AutoLogging.Pcl", "Roslyn.AutoLogging.Pcl\Roslyn.AutoLogging.Pcl.csproj", "{2E173C7E-3EE7-416D-A267-BF32E7BC70F4}"
EndProject
Project("{FAE04EC0-301F-11D3-BF4B-00C04F79EFBC}") = "Roslyn.AutoLogging.2015.VSIX", "Roslyn.AutoLogging.2015.VSIX\Roslyn.AutoLogging.2015.VSIX.csproj", "{10E48DA8-1E5A-453B-B368-B0F706129257}"
EndProject
Global
	GlobalSection(SolutionConfigurationPlatforms) = preSolution
		Debug|Any CPU = Debug|Any CPU
		Release|Any CPU = Release|Any CPU
	EndGlobalSection
	GlobalSection(ProjectConfigurationPlatforms) = postSolution
		{7C28EBAD-CBB5-48BA-ADD8-9F8311497649}.Debug|Any CPU.ActiveCfg = Debug|Any CPU
		{7C28EBAD-CBB5-48BA-ADD8-9F8311497649}.Debug|Any CPU.Build.0 = Debug|Any CPU
		{7C28EBAD-CBB5-48BA-ADD8-9F8311497649}.Release|Any CPU.ActiveCfg = Release|Any CPU
		{7C28EBAD-CBB5-48BA-ADD8-9F8311497649}.Release|Any CPU.Build.0 = Release|Any CPU
		{D7CA60CF-F9D8-4383-A34B-061F3D84FAC3}.Debug|Any CPU.ActiveCfg = Debug|Any CPU
		{D7CA60CF-F9D8-4383-A34B-061F3D84FAC3}.Debug|Any CPU.Build.0 = Debug|Any CPU
		{D7CA60CF-F9D8-4383-A34B-061F3D84FAC3}.Release|Any CPU.ActiveCfg = Release|Any CPU
		{D7CA60CF-F9D8-4383-A34B-061F3D84FAC3}.Release|Any CPU.Build.0 = Release|Any CPU
		{3A258A98-8F54-46CC-B9E6-66285B287D24}.Debug|Any CPU.ActiveCfg = Debug|Any CPU
		{3A258A98-8F54-46CC-B9E6-66285B287D24}.Debug|Any CPU.Build.0 = Debug|Any CPU
		{3A258A98-8F54-46CC-B9E6-66285B287D24}.Release|Any CPU.ActiveCfg = Release|Any CPU
		{3A258A98-8F54-46CC-B9E6-66285B287D24}.Release|Any CPU.Build.0 = Release|Any CPU
		{2E173C7E-3EE7-416D-A267-BF32E7BC70F4}.Debug|Any CPU.ActiveCfg = Debug|Any CPU
		{2E173C7E-3EE7-416D-A267-BF32E7BC70F4}.Debug|Any CPU.Build.0 = Debug|Any CPU
		{2E173C7E-3EE7-416D-A267-BF32E7BC70F4}.Release|Any CPU.ActiveCfg = Release|Any CPU
		{2E173C7E-3EE7-416D-A267-BF32E7BC70F4}.Release|Any CPU.Build.0 = Release|Any CPU
		{10E48DA8-1E5A-453B-B368-B0F706129257}.Debug|Any CPU.ActiveCfg = Debug|Any CPU
		{10E48DA8-1E5A-453B-B368-B0F706129257}.Debug|Any CPU.Build.0 = Debug|Any CPU
		{10E48DA8-1E5A-453B-B368-B0F706129257}.Release|Any CPU.ActiveCfg = Release|Any CPU
		{10E48DA8-1E5A-453B-B368-B0F706129257}.Release|Any CPU.Build.0 = Release|Any CPU
	EndGlobalSection
	GlobalSection(SolutionProperties) = preSolution
		HideSolutionNode = FALSE
	EndGlobalSection
	GlobalSection(ExtensibilityGlobals) = postSolution
		SolutionGuid = {BB9EB131-5892-427B-9174-E62B8AF1000A}
	EndGlobalSection
EndGlobal
